
Microsoft Visual Studio Solution File, Format Version 12.00
# Visual Studio Version 17
VisualStudioVersion = 17.10.34916.146
MinimumVisualStudioVersion = 10.0.40219.1
Project("{FAE04EC0-301F-11D3-BF4B-00C04F79EFBC}") = "CafeShopManageSystem", "CafeShopManageSystem\CafeShopManageSystem.csproj", "{FF70BB9F-4273-451A-9418-5A748E6A6511}"
EndProject
Global
	GlobalSection(SolutionConfigurationPlatforms) = preSolution
		Debug|Any CPU = Debug|Any CPU
		Release|Any CPU = Release|Any CPU
	EndGlobalSection
	GlobalSection(ProjectConfigurationPlatforms) = postSolution
		{FF70BB9F-4273-451A-9418-5A748E6A6511}.Debug|Any CPU.ActiveCfg = Debug|Any CPU
		{FF70BB9F-4273-451A-9418-5A748E6A6511}.Debug|Any CPU.Build.0 = Debug|Any CPU
		{FF70BB9F-4273-451A-9418-5A748E6A6511}.Release|Any CPU.ActiveCfg = Release|Any CPU
		{FF70BB9F-4273-451A-9418-5A748E6A6511}.Release|Any CPU.Build.0 = Release|Any CPU
	EndGlobalSection
	GlobalSection(SolutionProperties) = preSolution
		HideSolutionNode = FALSE
	EndGlobalSection
	GlobalSection(ExtensibilityGlobals) = postSolution
		SolutionGuid = {0C8EB8D2-8708-4E2B-B17F-32775A2EB9B3}
	EndGlobalSection
EndGlobal
